
Microsoft Visual Studio Solution File, Format Version 12.00
# Visual Studio 14
VisualStudioVersion = 14.0.25420.1
MinimumVisualStudioVersion = 10.0.40219.1
Project("{FAE04EC0-301F-11D3-BF4B-00C04F79EFBC}") = "StudyCodeBook-Csharp", "StudyCode\StudyCodeBook-Csharp.csproj", "{C2B98C63-1A77-4ECB-BE28-35D566BA1932}"
EndProject
Project("{FAE04EC0-301F-11D3-BF4B-00C04F79EFBC}") = "DesignPatternsBook-Csharp", "DesignPatternsBook-Csharp\DesignPatternsBook-Csharp.csproj", "{E087A466-FCDA-4EA7-B1A7-AC6185EABF96}"
EndProject
Global
	GlobalSection(SolutionConfigurationPlatforms) = preSolution
		Debug|Any CPU = Debug|Any CPU
		Release|Any CPU = Release|Any CPU
	EndGlobalSection
	GlobalSection(ProjectConfigurationPlatforms) = postSolution
		{C2B98C63-1A77-4ECB-BE28-35D566BA1932}.Debug|Any CPU.ActiveCfg = Debug|Any CPU
		{C2B98C63-1A77-4ECB-BE28-35D566BA1932}.Debug|Any CPU.Build.0 = Debug|Any CPU
		{C2B98C63-1A77-4ECB-BE28-35D566BA1932}.Release|Any CPU.ActiveCfg = Release|Any CPU
		{C2B98C63-1A77-4ECB-BE28-35D566BA1932}.Release|Any CPU.Build.0 = Release|Any CPU
		{E087A466-FCDA-4EA7-B1A7-AC6185EABF96}.Debug|Any CPU.ActiveCfg = Debug|Any CPU
		{E087A466-FCDA-4EA7-B1A7-AC6185EABF96}.Debug|Any CPU.Build.0 = Debug|Any CPU
		{E087A466-FCDA-4EA7-B1A7-AC6185EABF96}.Release|Any CPU.ActiveCfg = Release|Any CPU
		{E087A466-FCDA-4EA7-B1A7-AC6185EABF96}.Release|Any CPU.Build.0 = Release|Any CPU
	EndGlobalSection
	GlobalSection(SolutionProperties) = preSolution
		HideSolutionNode = FALSE
	EndGlobalSection
EndGlobal
