
Microsoft Visual Studio Solution File, Format Version 12.00
# Visual Studio 15
VisualStudioVersion = 15.0.27130.2027
MinimumVisualStudioVersion = 10.0.40219.1
Project("{FAE04EC0-301F-11D3-BF4B-00C04F79EFBC}") = "StudyCodeBook-Csharp", "StudyCode\StudyCodeBook-Csharp.csproj", "{C2B98C63-1A77-4ECB-BE28-35D566BA1932}"
EndProject
Project("{FAE04EC0-301F-11D3-BF4B-00C04F79EFBC}") = "DesignPatternsBook-Csharp", "DesignPatternsBook-Csharp\DesignPatternsBook-Csharp.csproj", "{E087A466-FCDA-4EA7-B1A7-AC6185EABF96}"
EndProject
Project("{FAE04EC0-301F-11D3-BF4B-00C04F79EFBC}") = "EFStudy", "EFStudy\EFStudy.csproj", "{2093723B-EDBC-4D68-92ED-7B426F8DC820}"
EndProject
Project("{FAE04EC0-301F-11D3-BF4B-00C04F79EFBC}") = "EFStudy.Web", "EFStudy.Web\EFStudy.Web.csproj", "{FC904F1A-4F79-4E4A-BFB0-DB08E0B65833}"
EndProject
Project("{FAE04EC0-301F-11D3-BF4B-00C04F79EFBC}") = "CShapMultithreading", "CShapMultithreading\CShapMultithreading.csproj", "{9D9B658D-FA0B-4EF5-99B2-AD61B9D0A4D6}"
EndProject
Project("{2150E333-8FDC-42A3-9474-1A3956D46DE8}") = "EF6X", "EF6X", "{B5B37BD8-C3A5-4ABC-915A-74928A4ECC55}"
EndProject
Project("{FAE04EC0-301F-11D3-BF4B-00C04F79EFBC}") = "EF.Core", "EF.Core\EF.Core.csproj", "{F14A90E3-670E-4E44-B9FE-450EA945A42A}"
EndProject
Project("{FAE04EC0-301F-11D3-BF4B-00C04F79EFBC}") = "EF.Data", "EF.Data\EF.Data.csproj", "{9EFDD1EF-F37C-4D3C-B0B4-2FDE04F1C13E}"
EndProject
Project("{FAE04EC0-301F-11D3-BF4B-00C04F79EFBC}") = "EFUnitOfWork", "EFUnitOfWork\EFUnitOfWork.csproj", "{704C761A-2DB5-4101-812A-B96F58A0D6AE}"
EndProject
Project("{2150E333-8FDC-42A3-9474-1A3956D46DE8}") = "EF6XDI", "EF6XDI", "{77FB73A4-E35B-4318-B57D-A9ADCB0C0EAE}"
EndProject
Project("{FAE04EC0-301F-11D3-BF4B-00C04F79EFBC}") = "EFDI.Core", "EFDI.Core\EFDI.Core.csproj", "{3ED26ED7-AC28-4B71-A057-08ADC6F96BEB}"
EndProject
Project("{FAE04EC0-301F-11D3-BF4B-00C04F79EFBC}") = "EFDI.Data", "EFDI.Data\EFDI.Data.csproj", "{51A7B760-74BD-4774-8F1B-145B9F891A65}"
EndProject
Project("{FAE04EC0-301F-11D3-BF4B-00C04F79EFBC}") = "EFDI.Service", "EFDI.Service\EFDI.Service.csproj", "{229C6EC5-2ED4-4457-9E54-3DFA98BD2295}"
EndProject
Project("{FAE04EC0-301F-11D3-BF4B-00C04F79EFBC}") = "EFDI.DI", "EFDI.DI\EFDI.DI.csproj", "{CEEFDE47-CDD8-4A77-97A6-1BB845BB77B7}"
EndProject
Project("{2150E333-8FDC-42A3-9474-1A3956D46DE8}") = "EFCore2x", "EFCore2x", "{9CC40BDB-C61F-43A1-B5A7-AB228DA988AC}"
EndProject
Project("{FAE04EC0-301F-11D3-BF4B-00C04F79EFBC}") = "EFCoreStart", "EFCoreStart\EFCoreStart.csproj", "{A65973F5-836A-4DCA-9B62-BF94B11DF03C}"
EndProject
Project("{FAE04EC0-301F-11D3-BF4B-00C04F79EFBC}") = "EFCoreT14", "EFCoreT14\EFCoreT14.csproj", "{F0DFEBA1-7650-4D05-9711-96C5D566E9B7}"
EndProject
Project("{9A19103F-16F7-4668-BE54-9A1E7A4F7556}") = "EFCoreT14.Web", "EFCoreT14.Web\EFCoreT14.Web.csproj", "{79291CDA-E73D-4F04-9DB2-DFF722575C38}"
EndProject
Project("{2150E333-8FDC-42A3-9474-1A3956D46DE8}") = "ProfessionalCSharp-Book", "ProfessionalCSharp-Book", "{593ADF2F-D064-44D9-8C99-0D2ADC84AB44}"
EndProject
Project("{2150E333-8FDC-42A3-9474-1A3956D46DE8}") = "ProfessionalCSharp3", "ProfessionalCSharp3", "{14A683BF-1A0B-40F0-A3D1-26140C303029}"
EndProject
Project("{FAE04EC0-301F-11D3-BF4B-00C04F79EFBC}") = "ProfessionalCSharp3", "ProfessionalCSharp3\ProfessionalCSharp3.csproj", "{FE3477F1-673E-444A-A78F-5E9711FDAFFA}"
EndProject
Project("{2150E333-8FDC-42A3-9474-1A3956D46DE8}") = "ProfessionalCSharp4", "ProfessionalCSharp4", "{79278157-8088-4299-8C70-64D355B24FC9}"
EndProject
Project("{FAE04EC0-301F-11D3-BF4B-00C04F79EFBC}") = "ProfessionalCSharp4", "ProfessionalCSharp4\ProfessionalCSharp4.csproj", "{7326A45B-580C-47E6-AD3C-983F709FA287}"
EndProject
Project("{2150E333-8FDC-42A3-9474-1A3956D46DE8}") = "ProfessionalCSharp5", "ProfessionalCSharp5", "{7F598631-4D4F-46A7-A457-2E2A41576BC9}"
EndProject
Project("{FAE04EC0-301F-11D3-BF4B-00C04F79EFBC}") = "ProfessionalCSharp5", "ProfessionalCSharp5\ProfessionalCSharp5.csproj", "{A353DF0E-64BB-469B-BA5F-77E7EC751ADF}"
EndProject
Project("{2150E333-8FDC-42A3-9474-1A3956D46DE8}") = "ProfessionalCSharp6", "ProfessionalCSharp6", "{073FC347-F539-4FCE-9506-64F30212D024}"
EndProject
Project("{FAE04EC0-301F-11D3-BF4B-00C04F79EFBC}") = "ProfessionalCSharp6", "ProfessionalCSharp6\ProfessionalCSharp6.csproj", "{7FB8C9EA-72E8-483C-B954-F073A1C74B94}"
EndProject
Project("{2150E333-8FDC-42A3-9474-1A3956D46DE8}") = "ProfessionalCSharp7", "ProfessionalCSharp7", "{DDC22462-B81C-4C68-AB3B-30E194F2818B}"
EndProject
Project("{FAE04EC0-301F-11D3-BF4B-00C04F79EFBC}") = "ProfessionalCSharp7", "ProfessionalCSharp7\ProfessionalCSharp7.csproj", "{D2A5FF7A-482B-449D-B8E5-6E2F269BF16D}"
EndProject
Project("{2150E333-8FDC-42A3-9474-1A3956D46DE8}") = "ProfessionalCSharp8", "ProfessionalCSharp8", "{CA8277D5-F59B-4F19-A4A4-817BCAC791BF}"
EndProject
Project("{FAE04EC0-301F-11D3-BF4B-00C04F79EFBC}") = "ProfessionalCSharp8", "ProfessionalCSharp8\ProfessionalCSharp8.csproj", "{A9141713-F1E2-4059-8DB2-FDBCB56C6CA0}"
EndProject
Project("{2150E333-8FDC-42A3-9474-1A3956D46DE8}") = "ProfessionalCSharp9", "ProfessionalCSharp9", "{AC8470F0-A6E7-48D3-A3FB-B5FD95D18879}"
EndProject
Project("{FAE04EC0-301F-11D3-BF4B-00C04F79EFBC}") = "ProfessionalCSharp9", "ProfessionalCSharp9\ProfessionalCSharp9.csproj", "{F4D916B8-D1B2-444D-B2D0-BF77E3673C88}"
EndProject
Project("{2150E333-8FDC-42A3-9474-1A3956D46DE8}") = "ProfessionalCSharp10", "ProfessionalCSharp10", "{A8E3AB2A-5C84-4A7D-A8DA-130DDA2CF481}"
EndProject
Project("{FAE04EC0-301F-11D3-BF4B-00C04F79EFBC}") = "ProfessionalCSharp10", "ProfessionalCSharp10\ProfessionalCSharp10.csproj", "{5589334C-F909-4EEF-B4AD-6E51DB0FEDE5}"
EndProject
Project("{2150E333-8FDC-42A3-9474-1A3956D46DE8}") = "ProfessionalCSharp22", "ProfessionalCSharp22", "{D775BE21-F4F9-4A73-B62B-0C5FB634EE72}"
EndProject
Project("{FAE04EC0-301F-11D3-BF4B-00C04F79EFBC}") = "ProfessionalCSharp22", "ProfessionalCSharp22\ProfessionalCSharp22.csproj", "{833837B0-95C4-4036-B540-5746A39707F9}"
EndProject
Project("{2150E333-8FDC-42A3-9474-1A3956D46DE8}") = "ProfessionalCSharp23", "ProfessionalCSharp23", "{32569169-C4A4-4742-8283-D370A1872BED}"
EndProject
Project("{FAE04EC0-301F-11D3-BF4B-00C04F79EFBC}") = "ProfessionalCSharp23", "ProfessionalCSharp23\ProfessionalCSharp23.csproj", "{B40512A3-F5F3-4DDB-9DA8-ADDCB778DED9}"
EndProject
Project("{2150E333-8FDC-42A3-9474-1A3956D46DE8}") = "ProfessionalCSharp24", "ProfessionalCSharp24", "{F8A364BB-0D94-44B3-B4EA-AA0BC8D532BE}"
EndProject
Project("{FAE04EC0-301F-11D3-BF4B-00C04F79EFBC}") = "ProfessionalCSharp24", "ProfessionalCSharp24\ProfessionalCSharp24.csproj", "{F2A482D4-8991-4B37-B70E-F793BFAFB644}"
EndProject
Project("{2150E333-8FDC-42A3-9474-1A3956D46DE8}") = "ProfessionalCSharp12", "ProfessionalCSharp12", "{B4D4A3F3-4B3E-4D56-8C1F-F1C9E3B0FC2B}"
EndProject
Project("{FAE04EC0-301F-11D3-BF4B-00C04F79EFBC}") = "ProfessionalCSharp12", "ProfessionalCSharp12\ProfessionalCSharp12.csproj", "{6A077C5B-E447-465B-B41C-CEB52F3CA7EE}"
EndProject
Global
	GlobalSection(SolutionConfigurationPlatforms) = preSolution
		Debug|Any CPU = Debug|Any CPU
		Release|Any CPU = Release|Any CPU
	EndGlobalSection
	GlobalSection(ProjectConfigurationPlatforms) = postSolution
		{C2B98C63-1A77-4ECB-BE28-35D566BA1932}.Debug|Any CPU.ActiveCfg = Debug|Any CPU
		{C2B98C63-1A77-4ECB-BE28-35D566BA1932}.Debug|Any CPU.Build.0 = Debug|Any CPU
		{C2B98C63-1A77-4ECB-BE28-35D566BA1932}.Release|Any CPU.ActiveCfg = Release|Any CPU
		{C2B98C63-1A77-4ECB-BE28-35D566BA1932}.Release|Any CPU.Build.0 = Release|Any CPU
		{E087A466-FCDA-4EA7-B1A7-AC6185EABF96}.Debug|Any CPU.ActiveCfg = Debug|Any CPU
		{E087A466-FCDA-4EA7-B1A7-AC6185EABF96}.Debug|Any CPU.Build.0 = Debug|Any CPU
		{E087A466-FCDA-4EA7-B1A7-AC6185EABF96}.Release|Any CPU.ActiveCfg = Release|Any CPU
		{E087A466-FCDA-4EA7-B1A7-AC6185EABF96}.Release|Any CPU.Build.0 = Release|Any CPU
		{2093723B-EDBC-4D68-92ED-7B426F8DC820}.Debug|Any CPU.ActiveCfg = Debug|Any CPU
		{2093723B-EDBC-4D68-92ED-7B426F8DC820}.Debug|Any CPU.Build.0 = Debug|Any CPU
		{2093723B-EDBC-4D68-92ED-7B426F8DC820}.Release|Any CPU.ActiveCfg = Release|Any CPU
		{2093723B-EDBC-4D68-92ED-7B426F8DC820}.Release|Any CPU.Build.0 = Release|Any CPU
		{FC904F1A-4F79-4E4A-BFB0-DB08E0B65833}.Debug|Any CPU.ActiveCfg = Debug|Any CPU
		{FC904F1A-4F79-4E4A-BFB0-DB08E0B65833}.Debug|Any CPU.Build.0 = Debug|Any CPU
		{FC904F1A-4F79-4E4A-BFB0-DB08E0B65833}.Release|Any CPU.ActiveCfg = Release|Any CPU
		{FC904F1A-4F79-4E4A-BFB0-DB08E0B65833}.Release|Any CPU.Build.0 = Release|Any CPU
		{9D9B658D-FA0B-4EF5-99B2-AD61B9D0A4D6}.Debug|Any CPU.ActiveCfg = Debug|Any CPU
		{9D9B658D-FA0B-4EF5-99B2-AD61B9D0A4D6}.Debug|Any CPU.Build.0 = Debug|Any CPU
		{9D9B658D-FA0B-4EF5-99B2-AD61B9D0A4D6}.Release|Any CPU.ActiveCfg = Release|Any CPU
		{9D9B658D-FA0B-4EF5-99B2-AD61B9D0A4D6}.Release|Any CPU.Build.0 = Release|Any CPU
		{F14A90E3-670E-4E44-B9FE-450EA945A42A}.Debug|Any CPU.ActiveCfg = Debug|Any CPU
		{F14A90E3-670E-4E44-B9FE-450EA945A42A}.Debug|Any CPU.Build.0 = Debug|Any CPU
		{F14A90E3-670E-4E44-B9FE-450EA945A42A}.Release|Any CPU.ActiveCfg = Release|Any CPU
		{F14A90E3-670E-4E44-B9FE-450EA945A42A}.Release|Any CPU.Build.0 = Release|Any CPU
		{9EFDD1EF-F37C-4D3C-B0B4-2FDE04F1C13E}.Debug|Any CPU.ActiveCfg = Debug|Any CPU
		{9EFDD1EF-F37C-4D3C-B0B4-2FDE04F1C13E}.Debug|Any CPU.Build.0 = Debug|Any CPU
		{9EFDD1EF-F37C-4D3C-B0B4-2FDE04F1C13E}.Release|Any CPU.ActiveCfg = Release|Any CPU
		{9EFDD1EF-F37C-4D3C-B0B4-2FDE04F1C13E}.Release|Any CPU.Build.0 = Release|Any CPU
		{704C761A-2DB5-4101-812A-B96F58A0D6AE}.Debug|Any CPU.ActiveCfg = Debug|Any CPU
		{704C761A-2DB5-4101-812A-B96F58A0D6AE}.Debug|Any CPU.Build.0 = Debug|Any CPU
		{704C761A-2DB5-4101-812A-B96F58A0D6AE}.Release|Any CPU.ActiveCfg = Release|Any CPU
		{704C761A-2DB5-4101-812A-B96F58A0D6AE}.Release|Any CPU.Build.0 = Release|Any CPU
		{3ED26ED7-AC28-4B71-A057-08ADC6F96BEB}.Debug|Any CPU.ActiveCfg = Debug|Any CPU
		{3ED26ED7-AC28-4B71-A057-08ADC6F96BEB}.Debug|Any CPU.Build.0 = Debug|Any CPU
		{3ED26ED7-AC28-4B71-A057-08ADC6F96BEB}.Release|Any CPU.ActiveCfg = Release|Any CPU
		{3ED26ED7-AC28-4B71-A057-08ADC6F96BEB}.Release|Any CPU.Build.0 = Release|Any CPU
		{51A7B760-74BD-4774-8F1B-145B9F891A65}.Debug|Any CPU.ActiveCfg = Debug|Any CPU
		{51A7B760-74BD-4774-8F1B-145B9F891A65}.Debug|Any CPU.Build.0 = Debug|Any CPU
		{51A7B760-74BD-4774-8F1B-145B9F891A65}.Release|Any CPU.ActiveCfg = Release|Any CPU
		{51A7B760-74BD-4774-8F1B-145B9F891A65}.Release|Any CPU.Build.0 = Release|Any CPU
		{229C6EC5-2ED4-4457-9E54-3DFA98BD2295}.Debug|Any CPU.ActiveCfg = Debug|Any CPU
		{229C6EC5-2ED4-4457-9E54-3DFA98BD2295}.Debug|Any CPU.Build.0 = Debug|Any CPU
		{229C6EC5-2ED4-4457-9E54-3DFA98BD2295}.Release|Any CPU.ActiveCfg = Release|Any CPU
		{229C6EC5-2ED4-4457-9E54-3DFA98BD2295}.Release|Any CPU.Build.0 = Release|Any CPU
		{CEEFDE47-CDD8-4A77-97A6-1BB845BB77B7}.Debug|Any CPU.ActiveCfg = Debug|Any CPU
		{CEEFDE47-CDD8-4A77-97A6-1BB845BB77B7}.Debug|Any CPU.Build.0 = Debug|Any CPU
		{CEEFDE47-CDD8-4A77-97A6-1BB845BB77B7}.Release|Any CPU.ActiveCfg = Release|Any CPU
		{CEEFDE47-CDD8-4A77-97A6-1BB845BB77B7}.Release|Any CPU.Build.0 = Release|Any CPU
		{A65973F5-836A-4DCA-9B62-BF94B11DF03C}.Debug|Any CPU.ActiveCfg = Debug|Any CPU
		{A65973F5-836A-4DCA-9B62-BF94B11DF03C}.Debug|Any CPU.Build.0 = Debug|Any CPU
		{A65973F5-836A-4DCA-9B62-BF94B11DF03C}.Release|Any CPU.ActiveCfg = Release|Any CPU
		{A65973F5-836A-4DCA-9B62-BF94B11DF03C}.Release|Any CPU.Build.0 = Release|Any CPU
		{F0DFEBA1-7650-4D05-9711-96C5D566E9B7}.Debug|Any CPU.ActiveCfg = Debug|Any CPU
		{F0DFEBA1-7650-4D05-9711-96C5D566E9B7}.Debug|Any CPU.Build.0 = Debug|Any CPU
		{F0DFEBA1-7650-4D05-9711-96C5D566E9B7}.Release|Any CPU.ActiveCfg = Release|Any CPU
		{F0DFEBA1-7650-4D05-9711-96C5D566E9B7}.Release|Any CPU.Build.0 = Release|Any CPU
		{79291CDA-E73D-4F04-9DB2-DFF722575C38}.Debug|Any CPU.ActiveCfg = Debug|Any CPU
		{79291CDA-E73D-4F04-9DB2-DFF722575C38}.Debug|Any CPU.Build.0 = Debug|Any CPU
		{79291CDA-E73D-4F04-9DB2-DFF722575C38}.Release|Any CPU.ActiveCfg = Release|Any CPU
		{79291CDA-E73D-4F04-9DB2-DFF722575C38}.Release|Any CPU.Build.0 = Release|Any CPU
		{FE3477F1-673E-444A-A78F-5E9711FDAFFA}.Debug|Any CPU.ActiveCfg = Debug|Any CPU
		{FE3477F1-673E-444A-A78F-5E9711FDAFFA}.Debug|Any CPU.Build.0 = Debug|Any CPU
		{FE3477F1-673E-444A-A78F-5E9711FDAFFA}.Release|Any CPU.ActiveCfg = Release|Any CPU
		{FE3477F1-673E-444A-A78F-5E9711FDAFFA}.Release|Any CPU.Build.0 = Release|Any CPU
		{7326A45B-580C-47E6-AD3C-983F709FA287}.Debug|Any CPU.ActiveCfg = Debug|Any CPU
		{7326A45B-580C-47E6-AD3C-983F709FA287}.Debug|Any CPU.Build.0 = Debug|Any CPU
		{7326A45B-580C-47E6-AD3C-983F709FA287}.Release|Any CPU.ActiveCfg = Release|Any CPU
		{7326A45B-580C-47E6-AD3C-983F709FA287}.Release|Any CPU.Build.0 = Release|Any CPU
		{A353DF0E-64BB-469B-BA5F-77E7EC751ADF}.Debug|Any CPU.ActiveCfg = Debug|Any CPU
		{A353DF0E-64BB-469B-BA5F-77E7EC751ADF}.Debug|Any CPU.Build.0 = Debug|Any CPU
		{A353DF0E-64BB-469B-BA5F-77E7EC751ADF}.Release|Any CPU.ActiveCfg = Release|Any CPU
		{A353DF0E-64BB-469B-BA5F-77E7EC751ADF}.Release|Any CPU.Build.0 = Release|Any CPU
		{7FB8C9EA-72E8-483C-B954-F073A1C74B94}.Debug|Any CPU.ActiveCfg = Debug|Any CPU
		{7FB8C9EA-72E8-483C-B954-F073A1C74B94}.Debug|Any CPU.Build.0 = Debug|Any CPU
		{7FB8C9EA-72E8-483C-B954-F073A1C74B94}.Release|Any CPU.ActiveCfg = Release|Any CPU
		{7FB8C9EA-72E8-483C-B954-F073A1C74B94}.Release|Any CPU.Build.0 = Release|Any CPU
		{D2A5FF7A-482B-449D-B8E5-6E2F269BF16D}.Debug|Any CPU.ActiveCfg = Debug|Any CPU
		{D2A5FF7A-482B-449D-B8E5-6E2F269BF16D}.Debug|Any CPU.Build.0 = Debug|Any CPU
		{D2A5FF7A-482B-449D-B8E5-6E2F269BF16D}.Release|Any CPU.ActiveCfg = Release|Any CPU
		{D2A5FF7A-482B-449D-B8E5-6E2F269BF16D}.Release|Any CPU.Build.0 = Release|Any CPU
		{A9141713-F1E2-4059-8DB2-FDBCB56C6CA0}.Debug|Any CPU.ActiveCfg = Debug|Any CPU
		{A9141713-F1E2-4059-8DB2-FDBCB56C6CA0}.Debug|Any CPU.Build.0 = Debug|Any CPU
		{A9141713-F1E2-4059-8DB2-FDBCB56C6CA0}.Release|Any CPU.ActiveCfg = Release|Any CPU
		{A9141713-F1E2-4059-8DB2-FDBCB56C6CA0}.Release|Any CPU.Build.0 = Release|Any CPU
		{F4D916B8-D1B2-444D-B2D0-BF77E3673C88}.Debug|Any CPU.ActiveCfg = Debug|Any CPU
		{F4D916B8-D1B2-444D-B2D0-BF77E3673C88}.Debug|Any CPU.Build.0 = Debug|Any CPU
		{F4D916B8-D1B2-444D-B2D0-BF77E3673C88}.Release|Any CPU.ActiveCfg = Release|Any CPU
		{F4D916B8-D1B2-444D-B2D0-BF77E3673C88}.Release|Any CPU.Build.0 = Release|Any CPU
		{5589334C-F909-4EEF-B4AD-6E51DB0FEDE5}.Debug|Any CPU.ActiveCfg = Debug|Any CPU
		{5589334C-F909-4EEF-B4AD-6E51DB0FEDE5}.Debug|Any CPU.Build.0 = Debug|Any CPU
		{5589334C-F909-4EEF-B4AD-6E51DB0FEDE5}.Release|Any CPU.ActiveCfg = Release|Any CPU
		{5589334C-F909-4EEF-B4AD-6E51DB0FEDE5}.Release|Any CPU.Build.0 = Release|Any CPU
		{833837B0-95C4-4036-B540-5746A39707F9}.Debug|Any CPU.ActiveCfg = Debug|Any CPU
		{833837B0-95C4-4036-B540-5746A39707F9}.Debug|Any CPU.Build.0 = Debug|Any CPU
		{833837B0-95C4-4036-B540-5746A39707F9}.Release|Any CPU.ActiveCfg = Release|Any CPU
		{833837B0-95C4-4036-B540-5746A39707F9}.Release|Any CPU.Build.0 = Release|Any CPU
		{B40512A3-F5F3-4DDB-9DA8-ADDCB778DED9}.Debug|Any CPU.ActiveCfg = Debug|Any CPU
		{B40512A3-F5F3-4DDB-9DA8-ADDCB778DED9}.Debug|Any CPU.Build.0 = Debug|Any CPU
		{B40512A3-F5F3-4DDB-9DA8-ADDCB778DED9}.Release|Any CPU.ActiveCfg = Release|Any CPU
		{B40512A3-F5F3-4DDB-9DA8-ADDCB778DED9}.Release|Any CPU.Build.0 = Release|Any CPU
		{F2A482D4-8991-4B37-B70E-F793BFAFB644}.Debug|Any CPU.ActiveCfg = Debug|Any CPU
		{F2A482D4-8991-4B37-B70E-F793BFAFB644}.Debug|Any CPU.Build.0 = Debug|Any CPU
		{F2A482D4-8991-4B37-B70E-F793BFAFB644}.Release|Any CPU.ActiveCfg = Release|Any CPU
		{F2A482D4-8991-4B37-B70E-F793BFAFB644}.Release|Any CPU.Build.0 = Release|Any CPU
		{6A077C5B-E447-465B-B41C-CEB52F3CA7EE}.Debug|Any CPU.ActiveCfg = Debug|Any CPU
		{6A077C5B-E447-465B-B41C-CEB52F3CA7EE}.Debug|Any CPU.Build.0 = Debug|Any CPU
		{6A077C5B-E447-465B-B41C-CEB52F3CA7EE}.Release|Any CPU.ActiveCfg = Release|Any CPU
		{6A077C5B-E447-465B-B41C-CEB52F3CA7EE}.Release|Any CPU.Build.0 = Release|Any CPU
	EndGlobalSection
	GlobalSection(SolutionProperties) = preSolution
		HideSolutionNode = FALSE
	EndGlobalSection
	GlobalSection(NestedProjects) = preSolution
		{F14A90E3-670E-4E44-B9FE-450EA945A42A} = {B5B37BD8-C3A5-4ABC-915A-74928A4ECC55}
		{9EFDD1EF-F37C-4D3C-B0B4-2FDE04F1C13E} = {B5B37BD8-C3A5-4ABC-915A-74928A4ECC55}
		{704C761A-2DB5-4101-812A-B96F58A0D6AE} = {B5B37BD8-C3A5-4ABC-915A-74928A4ECC55}
		{3ED26ED7-AC28-4B71-A057-08ADC6F96BEB} = {77FB73A4-E35B-4318-B57D-A9ADCB0C0EAE}
		{51A7B760-74BD-4774-8F1B-145B9F891A65} = {77FB73A4-E35B-4318-B57D-A9ADCB0C0EAE}
		{229C6EC5-2ED4-4457-9E54-3DFA98BD2295} = {77FB73A4-E35B-4318-B57D-A9ADCB0C0EAE}
		{CEEFDE47-CDD8-4A77-97A6-1BB845BB77B7} = {77FB73A4-E35B-4318-B57D-A9ADCB0C0EAE}
		{A65973F5-836A-4DCA-9B62-BF94B11DF03C} = {9CC40BDB-C61F-43A1-B5A7-AB228DA988AC}
		{F0DFEBA1-7650-4D05-9711-96C5D566E9B7} = {9CC40BDB-C61F-43A1-B5A7-AB228DA988AC}
		{79291CDA-E73D-4F04-9DB2-DFF722575C38} = {9CC40BDB-C61F-43A1-B5A7-AB228DA988AC}
		{14A683BF-1A0B-40F0-A3D1-26140C303029} = {593ADF2F-D064-44D9-8C99-0D2ADC84AB44}
		{FE3477F1-673E-444A-A78F-5E9711FDAFFA} = {14A683BF-1A0B-40F0-A3D1-26140C303029}
		{79278157-8088-4299-8C70-64D355B24FC9} = {593ADF2F-D064-44D9-8C99-0D2ADC84AB44}
		{7326A45B-580C-47E6-AD3C-983F709FA287} = {79278157-8088-4299-8C70-64D355B24FC9}
		{7F598631-4D4F-46A7-A457-2E2A41576BC9} = {593ADF2F-D064-44D9-8C99-0D2ADC84AB44}
		{A353DF0E-64BB-469B-BA5F-77E7EC751ADF} = {7F598631-4D4F-46A7-A457-2E2A41576BC9}
		{073FC347-F539-4FCE-9506-64F30212D024} = {593ADF2F-D064-44D9-8C99-0D2ADC84AB44}
		{7FB8C9EA-72E8-483C-B954-F073A1C74B94} = {073FC347-F539-4FCE-9506-64F30212D024}
		{DDC22462-B81C-4C68-AB3B-30E194F2818B} = {593ADF2F-D064-44D9-8C99-0D2ADC84AB44}
		{D2A5FF7A-482B-449D-B8E5-6E2F269BF16D} = {DDC22462-B81C-4C68-AB3B-30E194F2818B}
		{CA8277D5-F59B-4F19-A4A4-817BCAC791BF} = {593ADF2F-D064-44D9-8C99-0D2ADC84AB44}
		{A9141713-F1E2-4059-8DB2-FDBCB56C6CA0} = {CA8277D5-F59B-4F19-A4A4-817BCAC791BF}
		{AC8470F0-A6E7-48D3-A3FB-B5FD95D18879} = {593ADF2F-D064-44D9-8C99-0D2ADC84AB44}
		{F4D916B8-D1B2-444D-B2D0-BF77E3673C88} = {AC8470F0-A6E7-48D3-A3FB-B5FD95D18879}
		{A8E3AB2A-5C84-4A7D-A8DA-130DDA2CF481} = {593ADF2F-D064-44D9-8C99-0D2ADC84AB44}
		{5589334C-F909-4EEF-B4AD-6E51DB0FEDE5} = {A8E3AB2A-5C84-4A7D-A8DA-130DDA2CF481}
		{D775BE21-F4F9-4A73-B62B-0C5FB634EE72} = {593ADF2F-D064-44D9-8C99-0D2ADC84AB44}
		{833837B0-95C4-4036-B540-5746A39707F9} = {D775BE21-F4F9-4A73-B62B-0C5FB634EE72}
		{32569169-C4A4-4742-8283-D370A1872BED} = {593ADF2F-D064-44D9-8C99-0D2ADC84AB44}
		{B40512A3-F5F3-4DDB-9DA8-ADDCB778DED9} = {32569169-C4A4-4742-8283-D370A1872BED}
		{F8A364BB-0D94-44B3-B4EA-AA0BC8D532BE} = {593ADF2F-D064-44D9-8C99-0D2ADC84AB44}
		{F2A482D4-8991-4B37-B70E-F793BFAFB644} = {F8A364BB-0D94-44B3-B4EA-AA0BC8D532BE}
		{B4D4A3F3-4B3E-4D56-8C1F-F1C9E3B0FC2B} = {593ADF2F-D064-44D9-8C99-0D2ADC84AB44}
		{6A077C5B-E447-465B-B41C-CEB52F3CA7EE} = {B4D4A3F3-4B3E-4D56-8C1F-F1C9E3B0FC2B}
	EndGlobalSection
	GlobalSection(ExtensibilityGlobals) = postSolution
		SolutionGuid = {C1FB9E21-3CB7-43F7-A238-805E4111143D}
	EndGlobalSection
EndGlobal
