
Microsoft Visual Studio Solution File, Format Version 12.00
# Visual Studio 14
VisualStudioVersion = 14.0.25420.1
MinimumVisualStudioVersion = 10.0.40219.1
Project("{FAE04EC0-301F-11D3-BF4B-00C04F79EFBC}") = "StudyCodeBook-Csharp", "StudyCode\StudyCodeBook-Csharp.csproj", "{C2B98C63-1A77-4ECB-BE28-35D566BA1932}"
EndProject
Project("{FAE04EC0-301F-11D3-BF4B-00C04F79EFBC}") = "DesignPatternsBook-Csharp", "DesignPatternsBook-Csharp\DesignPatternsBook-Csharp.csproj", "{E087A466-FCDA-4EA7-B1A7-AC6185EABF96}"
EndProject
Project("{FAE04EC0-301F-11D3-BF4B-00C04F79EFBC}") = "EFStudy", "EFStudy\EFStudy.csproj", "{2093723B-EDBC-4D68-92ED-7B426F8DC820}"
EndProject
Project("{FAE04EC0-301F-11D3-BF4B-00C04F79EFBC}") = "EFStudy.Web", "EFStudy.Web\EFStudy.Web.csproj", "{FC904F1A-4F79-4E4A-BFB0-DB08E0B65833}"
EndProject
Project("{FAE04EC0-301F-11D3-BF4B-00C04F79EFBC}") = "CShapMultithreading", "CShapMultithreading\CShapMultithreading.csproj", "{9D9B658D-FA0B-4EF5-99B2-AD61B9D0A4D6}"
EndProject
Project("{2150E333-8FDC-42A3-9474-1A3956D46DE8}") = "EF6X", "EF6X", "{B5B37BD8-C3A5-4ABC-915A-74928A4ECC55}"
EndProject
Project("{FAE04EC0-301F-11D3-BF4B-00C04F79EFBC}") = "EF.Core", "EF.Core\EF.Core.csproj", "{F14A90E3-670E-4E44-B9FE-450EA945A42A}"
EndProject
Project("{FAE04EC0-301F-11D3-BF4B-00C04F79EFBC}") = "EF.Data", "EF.Data\EF.Data.csproj", "{9EFDD1EF-F37C-4D3C-B0B4-2FDE04F1C13E}"
EndProject
Project("{FAE04EC0-301F-11D3-BF4B-00C04F79EFBC}") = "EFUnitOfWork", "EFUnitOfWork\EFUnitOfWork.csproj", "{686F34FD-CB64-435A-BDF8-C0A23CF037BE}"
EndProject
Global
	GlobalSection(SolutionConfigurationPlatforms) = preSolution
		Debug|Any CPU = Debug|Any CPU
		Release|Any CPU = Release|Any CPU
	EndGlobalSection
	GlobalSection(ProjectConfigurationPlatforms) = postSolution
		{C2B98C63-1A77-4ECB-BE28-35D566BA1932}.Debug|Any CPU.ActiveCfg = Debug|Any CPU
		{C2B98C63-1A77-4ECB-BE28-35D566BA1932}.Debug|Any CPU.Build.0 = Debug|Any CPU
		{C2B98C63-1A77-4ECB-BE28-35D566BA1932}.Release|Any CPU.ActiveCfg = Release|Any CPU
		{C2B98C63-1A77-4ECB-BE28-35D566BA1932}.Release|Any CPU.Build.0 = Release|Any CPU
		{E087A466-FCDA-4EA7-B1A7-AC6185EABF96}.Debug|Any CPU.ActiveCfg = Debug|Any CPU
		{E087A466-FCDA-4EA7-B1A7-AC6185EABF96}.Debug|Any CPU.Build.0 = Debug|Any CPU
		{E087A466-FCDA-4EA7-B1A7-AC6185EABF96}.Release|Any CPU.ActiveCfg = Release|Any CPU
		{E087A466-FCDA-4EA7-B1A7-AC6185EABF96}.Release|Any CPU.Build.0 = Release|Any CPU
		{2093723B-EDBC-4D68-92ED-7B426F8DC820}.Debug|Any CPU.ActiveCfg = Debug|Any CPU
		{2093723B-EDBC-4D68-92ED-7B426F8DC820}.Debug|Any CPU.Build.0 = Debug|Any CPU
		{2093723B-EDBC-4D68-92ED-7B426F8DC820}.Release|Any CPU.ActiveCfg = Release|Any CPU
		{2093723B-EDBC-4D68-92ED-7B426F8DC820}.Release|Any CPU.Build.0 = Release|Any CPU
		{FC904F1A-4F79-4E4A-BFB0-DB08E0B65833}.Debug|Any CPU.ActiveCfg = Debug|Any CPU
		{FC904F1A-4F79-4E4A-BFB0-DB08E0B65833}.Debug|Any CPU.Build.0 = Debug|Any CPU
		{FC904F1A-4F79-4E4A-BFB0-DB08E0B65833}.Release|Any CPU.ActiveCfg = Release|Any CPU
		{FC904F1A-4F79-4E4A-BFB0-DB08E0B65833}.Release|Any CPU.Build.0 = Release|Any CPU
		{9D9B658D-FA0B-4EF5-99B2-AD61B9D0A4D6}.Debug|Any CPU.ActiveCfg = Debug|Any CPU
		{9D9B658D-FA0B-4EF5-99B2-AD61B9D0A4D6}.Debug|Any CPU.Build.0 = Debug|Any CPU
		{9D9B658D-FA0B-4EF5-99B2-AD61B9D0A4D6}.Release|Any CPU.ActiveCfg = Release|Any CPU
		{9D9B658D-FA0B-4EF5-99B2-AD61B9D0A4D6}.Release|Any CPU.Build.0 = Release|Any CPU
		{F14A90E3-670E-4E44-B9FE-450EA945A42A}.Debug|Any CPU.ActiveCfg = Debug|Any CPU
		{F14A90E3-670E-4E44-B9FE-450EA945A42A}.Debug|Any CPU.Build.0 = Debug|Any CPU
		{F14A90E3-670E-4E44-B9FE-450EA945A42A}.Release|Any CPU.ActiveCfg = Release|Any CPU
		{F14A90E3-670E-4E44-B9FE-450EA945A42A}.Release|Any CPU.Build.0 = Release|Any CPU
		{9EFDD1EF-F37C-4D3C-B0B4-2FDE04F1C13E}.Debug|Any CPU.ActiveCfg = Debug|Any CPU
		{9EFDD1EF-F37C-4D3C-B0B4-2FDE04F1C13E}.Debug|Any CPU.Build.0 = Debug|Any CPU
		{9EFDD1EF-F37C-4D3C-B0B4-2FDE04F1C13E}.Release|Any CPU.ActiveCfg = Release|Any CPU
		{9EFDD1EF-F37C-4D3C-B0B4-2FDE04F1C13E}.Release|Any CPU.Build.0 = Release|Any CPU
		{686F34FD-CB64-435A-BDF8-C0A23CF037BE}.Debug|Any CPU.ActiveCfg = Debug|Any CPU
		{686F34FD-CB64-435A-BDF8-C0A23CF037BE}.Debug|Any CPU.Build.0 = Debug|Any CPU
		{686F34FD-CB64-435A-BDF8-C0A23CF037BE}.Release|Any CPU.ActiveCfg = Release|Any CPU
		{686F34FD-CB64-435A-BDF8-C0A23CF037BE}.Release|Any CPU.Build.0 = Release|Any CPU
	EndGlobalSection
	GlobalSection(SolutionProperties) = preSolution
		HideSolutionNode = FALSE
	EndGlobalSection
	GlobalSection(NestedProjects) = preSolution
		{F14A90E3-670E-4E44-B9FE-450EA945A42A} = {B5B37BD8-C3A5-4ABC-915A-74928A4ECC55}
		{9EFDD1EF-F37C-4D3C-B0B4-2FDE04F1C13E} = {B5B37BD8-C3A5-4ABC-915A-74928A4ECC55}
		{686F34FD-CB64-435A-BDF8-C0A23CF037BE} = {B5B37BD8-C3A5-4ABC-915A-74928A4ECC55}
	EndGlobalSection
EndGlobal
